// !$*UTF8*$!
{
	archiveVersion = 1;
	classes = {
	};
	objectVersion = 46;
	objects = {

/* Begin PBXBuildFile section */
		B28859C01BE794D900AA4FD8 /* main.m in Sources */ = {isa = PBXBuildFile; fileRef = B28859BF1BE794D900AA4FD8 /* main.m */; };
		B28859C31BE794D900AA4FD8 /* AppDelegate.m in Sources */ = {isa = PBXBuildFile; fileRef = B28859C21BE794D900AA4FD8 /* AppDelegate.m */; };
		B28859C61BE794D900AA4FD8 /* MasterViewController.m in Sources */ = {isa = PBXBuildFile; fileRef = B28859C51BE794D900AA4FD8 /* MasterViewController.m */; };
		B28859C91BE794D900AA4FD8 /* DetailViewController.m in Sources */ = {isa = PBXBuildFile; fileRef = B28859C81BE794D900AA4FD8 /* DetailViewController.m */; };
		B28859CC1BE794D900AA4FD8 /* Main.storyboard in Resources */ = {isa = PBXBuildFile; fileRef = B28859CA1BE794D900AA4FD8 /* Main.storyboard */; };
		B28859CE1BE794D900AA4FD8 /* Images.xcassets in Resources */ = {isa = PBXBuildFile; fileRef = B28859CD1BE794D900AA4FD8 /* Images.xcassets */; };
		B28859D11BE794D900AA4FD8 /* LaunchScreen.xib in Resources */ = {isa = PBXBuildFile; fileRef = B28859CF1BE794D900AA4FD8 /* LaunchScreen.xib */; };
		B28859DD1BE794D900AA4FD8 /* WSDiscoveryTests.m in Sources */ = {isa = PBXBuildFile; fileRef = B28859DC1BE794D900AA4FD8 /* WSDiscoveryTests.m */; };
		B28859FD1BE7976A00AA4FD8 /* wsdiscovery_api.m in Sources */ = {isa = PBXBuildFile; fileRef = B28859FC1BE7976A00AA4FD8 /* wsdiscovery_api.m */; };
		B2885A011BE797DC00AA4FD8 /* gsoapios.m in Sources */ = {isa = PBXBuildFile; fileRef = B2885A001BE797DC00AA4FD8 /* gsoapios.m */; settings = {COMPILER_FLAGS = "-fno-objc-arc"; }; };
		B2885A0F1BE797F500AA4FD8 /* mySoapStub.c in Sources */ = {isa = PBXBuildFile; fileRef = B2885A021BE797F500AA4FD8 /* mySoapStub.c */; };
		B2885A101BE797F500AA4FD8 /* porting.c in Sources */ = {isa = PBXBuildFile; fileRef = B2885A041BE797F500AA4FD8 /* porting.c */; };
		B2885A111BE797F500AA4FD8 /* soapC.c in Sources */ = {isa = PBXBuildFile; fileRef = B2885A061BE797F500AA4FD8 /* soapC.c */; };
		B2885A121BE797F500AA4FD8 /* soapServer.c in Sources */ = {isa = PBXBuildFile; fileRef = B2885A081BE797F500AA4FD8 /* soapServer.c */; };
		B2885A131BE797F500AA4FD8 /* stdsoap2.c in Sources */ = {isa = PBXBuildFile; fileRef = B2885A0A1BE797F500AA4FD8 /* stdsoap2.c */; };
		B2885A141BE797F500AA4FD8 /* util.c in Sources */ = {isa = PBXBuildFile; fileRef = B2885A0C1BE797F500AA4FD8 /* util.c */; };
		B2885A151BE797F500AA4FD8 /* wsdd.nsmap in Resources */ = {isa = PBXBuildFile; fileRef = B2885A0E1BE797F500AA4FD8 /* wsdd.nsmap */; };
		B2885A1A1BE798E300AA4FD8 /* Foundation.framework in Frameworks */ = {isa = PBXBuildFile; fileRef = B2885A191BE798E300AA4FD8 /* Foundation.framework */; };
		B2885A1E1BE7A6F400AA4FD8 /* MyUtilities.m in Sources */ = {isa = PBXBuildFile; fileRef = B2885A1D1BE7A6F400AA4FD8 /* MyUtilities.m */; };
		B2885A201BE7A75A00AA4FD8 /* UIKit.framework in Frameworks */ = {isa = PBXBuildFile; fileRef = B2885A1F1BE7A75A00AA4FD8 /* UIKit.framework */; };
		B2885A241BE7BF9100AA4FD8 /* Reachability.m in Sources */ = {isa = PBXBuildFile; fileRef = B2885A231BE7BF9100AA4FD8 /* Reachability.m */; };
/* End PBXBuildFile section */

/* Begin PBXContainerItemProxy section */
		B28859D71BE794D900AA4FD8 /* PBXContainerItemProxy */ = {
			isa = PBXContainerItemProxy;
			containerPortal = B28859B21BE794D900AA4FD8 /* Project object */;
			proxyType = 1;
			remoteGlobalIDString = B28859B91BE794D900AA4FD8;
			remoteInfo = WSDiscovery;
		};
/* End PBXContainerItemProxy section */

/* Begin PBXFileReference section */
		B28859BA1BE794D900AA4FD8 /* WSDiscovery.app */ = {isa = PBXFileReference; explicitFileType = wrapper.application; includeInIndex = 0; path = WSDiscovery.app; sourceTree = BUILT_PRODUCTS_DIR; };
		B28859BE1BE794D900AA4FD8 /* Info.plist */ = {isa = PBXFileReference; lastKnownFileType = text.plist.xml; path = Info.plist; sourceTree = "<group>"; };
		B28859BF1BE794D900AA4FD8 /* main.m */ = {isa = PBXFileReference; lastKnownFileType = sourcecode.c.objc; path = main.m; sourceTree = "<group>"; };
		B28859C11BE794D900AA4FD8 /* AppDelegate.h */ = {isa = PBXFileReference; lastKnownFileType = sourcecode.c.h; path = AppDelegate.h; sourceTree = "<group>"; };
		B28859C21BE794D900AA4FD8 /* AppDelegate.m */ = {isa = PBXFileReference; lastKnownFileType = sourcecode.c.objc; path = AppDelegate.m; sourceTree = "<group>"; };
		B28859C41BE794D900AA4FD8 /* MasterViewController.h */ = {isa = PBXFileReference; lastKnownFileType = sourcecode.c.h; path = MasterViewController.h; sourceTree = "<group>"; };
		B28859C51BE794D900AA4FD8 /* MasterViewController.m */ = {isa = PBXFileReference; lastKnownFileType = sourcecode.c.objc; path = MasterViewController.m; sourceTree = "<group>"; };
		B28859C71BE794D900AA4FD8 /* DetailViewController.h */ = {isa = PBXFileReference; lastKnownFileType = sourcecode.c.h; path = DetailViewController.h; sourceTree = "<group>"; };
		B28859C81BE794D900AA4FD8 /* DetailViewController.m */ = {isa = PBXFileReference; lastKnownFileType = sourcecode.c.objc; path = DetailViewController.m; sourceTree = "<group>"; };
		B28859CB1BE794D900AA4FD8 /* Base */ = {isa = PBXFileReference; lastKnownFileType = file.storyboard; name = Base; path = Base.lproj/Main.storyboard; sourceTree = "<group>"; };
		B28859CD1BE794D900AA4FD8 /* Images.xcassets */ = {isa = PBXFileReference; lastKnownFileType = folder.assetcatalog; path = Images.xcassets; sourceTree = "<group>"; };
		B28859D01BE794D900AA4FD8 /* Base */ = {isa = PBXFileReference; lastKnownFileType = file.xib; name = Base; path = Base.lproj/LaunchScreen.xib; sourceTree = "<group>"; };
		B28859D61BE794D900AA4FD8 /* WSDiscoveryTests.xctest */ = {isa = PBXFileReference; explicitFileType = wrapper.cfbundle; includeInIndex = 0; path = WSDiscoveryTests.xctest; sourceTree = BUILT_PRODUCTS_DIR; };
		B28859DB1BE794D900AA4FD8 /* Info.plist */ = {isa = PBXFileReference; lastKnownFileType = text.plist.xml; path = Info.plist; sourceTree = "<group>"; };
		B28859DC1BE794D900AA4FD8 /* WSDiscoveryTests.m */ = {isa = PBXFileReference; lastKnownFileType = sourcecode.c.objc; path = WSDiscoveryTests.m; sourceTree = "<group>"; };
		B28859FC1BE7976A00AA4FD8 /* wsdiscovery_api.m */ = {isa = PBXFileReference; fileEncoding = 4; lastKnownFileType = sourcecode.c.objc; path = wsdiscovery_api.m; sourceTree = "<group>"; };
		B2885A001BE797DC00AA4FD8 /* gsoapios.m */ = {isa = PBXFileReference; fileEncoding = 4; lastKnownFileType = sourcecode.c.objc; path = gsoapios.m; sourceTree = "<group>"; };
		B2885A021BE797F500AA4FD8 /* mySoapStub.c */ = {isa = PBXFileReference; fileEncoding = 4; lastKnownFileType = sourcecode.c.c; path = mySoapStub.c; sourceTree = SOURCE_ROOT; };
		B2885A031BE797F500AA4FD8 /* mySoapStub.h */ = {isa = PBXFileReference; fileEncoding = 4; lastKnownFileType = sourcecode.c.h; path = mySoapStub.h; sourceTree = SOURCE_ROOT; };
		B2885A041BE797F500AA4FD8 /* porting.c */ = {isa = PBXFileReference; fileEncoding = 4; lastKnownFileType = sourcecode.c.c; path = porting.c; sourceTree = SOURCE_ROOT; };
		B2885A051BE797F500AA4FD8 /* porting.h */ = {isa = PBXFileReference; fileEncoding = 4; lastKnownFileType = sourcecode.c.h; path = porting.h; sourceTree = SOURCE_ROOT; };
		B2885A061BE797F500AA4FD8 /* soapC.c */ = {isa = PBXFileReference; fileEncoding = 4; lastKnownFileType = sourcecode.c.c; path = soapC.c; sourceTree = SOURCE_ROOT; };
		B2885A071BE797F500AA4FD8 /* soapH.h */ = {isa = PBXFileReference; fileEncoding = 4; lastKnownFileType = sourcecode.c.h; path = soapH.h; sourceTree = SOURCE_ROOT; };
		B2885A081BE797F500AA4FD8 /* soapServer.c */ = {isa = PBXFileReference; fileEncoding = 4; lastKnownFileType = sourcecode.c.c; path = soapServer.c; sourceTree = SOURCE_ROOT; };
		B2885A091BE797F500AA4FD8 /* soapStub.h */ = {isa = PBXFileReference; fileEncoding = 4; lastKnownFileType = sourcecode.c.h; path = soapStub.h; sourceTree = SOURCE_ROOT; };
		B2885A0A1BE797F500AA4FD8 /* stdsoap2.c */ = {isa = PBXFileReference; fileEncoding = 4; lastKnownFileType = sourcecode.c.c; path = stdsoap2.c; sourceTree = SOURCE_ROOT; };
		B2885A0B1BE797F500AA4FD8 /* stdsoap2.h */ = {isa = PBXFileReference; fileEncoding = 4; lastKnownFileType = sourcecode.c.h; path = stdsoap2.h; sourceTree = SOURCE_ROOT; };
		B2885A0C1BE797F500AA4FD8 /* util.c */ = {isa = PBXFileReference; fileEncoding = 4; lastKnownFileType = sourcecode.c.c; path = util.c; sourceTree = SOURCE_ROOT; };
		B2885A0D1BE797F500AA4FD8 /* util.h */ = {isa = PBXFileReference; fileEncoding = 4; lastKnownFileType = sourcecode.c.h; path = util.h; sourceTree = SOURCE_ROOT; };
		B2885A0E1BE797F500AA4FD8 /* wsdd.nsmap */ = {isa = PBXFileReference; fileEncoding = 4; lastKnownFileType = text; path = wsdd.nsmap; sourceTree = SOURCE_ROOT; };
		B2885A191BE798E300AA4FD8 /* Foundation.framework */ = {isa = PBXFileReference; lastKnownFileType = wrapper.framework; name = Foundation.framework; path = System/Library/Frameworks/Foundation.framework; sourceTree = SDKROOT; };
		B2885A1B1BE7A0A300AA4FD8 /* gsoapios.h */ = {isa = PBXFileReference; fileEncoding = 4; lastKnownFileType = sourcecode.c.h; path = gsoapios.h; sourceTree = "<group>"; };
		B2885A1C1BE7A6F300AA4FD8 /* MyUtilities.h */ = {isa = PBXFileReference; fileEncoding = 4; lastKnownFileType = sourcecode.c.h; path = MyUtilities.h; sourceTree = "<group>"; };
		B2885A1D1BE7A6F400AA4FD8 /* MyUtilities.m */ = {isa = PBXFileReference; fileEncoding = 4; lastKnownFileType = sourcecode.c.objc; path = MyUtilities.m; sourceTree = "<group>"; };
		B2885A1F1BE7A75A00AA4FD8 /* UIKit.framework */ = {isa = PBXFileReference; lastKnownFileType = wrapper.framework; name = UIKit.framework; path = System/Library/Frameworks/UIKit.framework; sourceTree = SDKROOT; };
		B2885A221BE7BF9100AA4FD8 /* Reachability.h */ = {isa = PBXFileReference; fileEncoding = 4; lastKnownFileType = sourcecode.c.h; path = Reachability.h; sourceTree = "<group>"; };
		B2885A231BE7BF9100AA4FD8 /* Reachability.m */ = {isa = PBXFileReference; fileEncoding = 4; lastKnownFileType = sourcecode.c.objc; path = Reachability.m; sourceTree = "<group>"; };
		B2885A251BE7C3E700AA4FD8 /* wsdiscovery_api.h */ = {isa = PBXFileReference; lastKnownFileType = sourcecode.c.h; path = wsdiscovery_api.h; sourceTree = "<group>"; };
		B2885A261BE7CC7400AA4FD8 /* Notifications.h */ = {isa = PBXFileReference; fileEncoding = 4; lastKnownFileType = sourcecode.c.h; path = Notifications.h; sourceTree = "<group>"; };
/* End PBXFileReference section */

/* Begin PBXFrameworksBuildPhase section */
		B28859B71BE794D900AA4FD8 /* Frameworks */ = {
			isa = PBXFrameworksBuildPhase;
			buildActionMask = 2147483647;
			files = (
				B2885A201BE7A75A00AA4FD8 /* UIKit.framework in Frameworks */,
				B2885A1A1BE798E300AA4FD8 /* Foundation.framework in Frameworks */,
			);
			runOnlyForDeploymentPostprocessing = 0;
		};
		B28859D31BE794D900AA4FD8 /* Frameworks */ = {
			isa = PBXFrameworksBuildPhase;
			buildActionMask = 2147483647;
			files = (
			);
			runOnlyForDeploymentPostprocessing = 0;
		};
/* End PBXFrameworksBuildPhase section */

/* Begin PBXGroup section */
		B28859B11BE794D900AA4FD8 = {
			isa = PBXGroup;
			children = (
				B2885A1F1BE7A75A00AA4FD8 /* UIKit.framework */,
				B2885A191BE798E300AA4FD8 /* Foundation.framework */,
				B28859BC1BE794D900AA4FD8 /* WSDiscovery */,
				B28859D91BE794D900AA4FD8 /* WSDiscoveryTests */,
				B28859BB1BE794D900AA4FD8 /* Products */,
			);
			sourceTree = "<group>";
		};
		B28859BB1BE794D900AA4FD8 /* Products */ = {
			isa = PBXGroup;
			children = (
				B28859BA1BE794D900AA4FD8 /* WSDiscovery.app */,
				B28859D61BE794D900AA4FD8 /* WSDiscoveryTests.xctest */,
			);
			name = Products;
			sourceTree = "<group>";
		};
		B28859BC1BE794D900AA4FD8 /* WSDiscovery */ = {
			isa = PBXGroup;
			children = (
				B2885A261BE7CC7400AA4FD8 /* Notifications.h */,
				B2885A211BE7BF8300AA4FD8 /* network */,
				B28859FE1BE7979300AA4FD8 /* gSOAP */,
				B28859E61BE795E700AA4FD8 /* WSDiscovery_Lib */,
				B28859FC1BE7976A00AA4FD8 /* wsdiscovery_api.m */,
				B2885A251BE7C3E700AA4FD8 /* wsdiscovery_api.h */,
				B28859C11BE794D900AA4FD8 /* AppDelegate.h */,
				B28859C21BE794D900AA4FD8 /* AppDelegate.m */,
				B28859C41BE794D900AA4FD8 /* MasterViewController.h */,
				B28859C51BE794D900AA4FD8 /* MasterViewController.m */,
				B28859C71BE794D900AA4FD8 /* DetailViewController.h */,
				B28859C81BE794D900AA4FD8 /* DetailViewController.m */,
				B2885A1C1BE7A6F300AA4FD8 /* MyUtilities.h */,
				B2885A1D1BE7A6F400AA4FD8 /* MyUtilities.m */,
				B28859CA1BE794D900AA4FD8 /* Main.storyboard */,
				B28859CD1BE794D900AA4FD8 /* Images.xcassets */,
				B28859CF1BE794D900AA4FD8 /* LaunchScreen.xib */,
				B28859BD1BE794D900AA4FD8 /* Supporting Files */,
			);
			path = WSDiscovery;
			sourceTree = "<group>";
		};
		B28859BD1BE794D900AA4FD8 /* Supporting Files */ = {
			isa = PBXGroup;
			children = (
				B28859BE1BE794D900AA4FD8 /* Info.plist */,
				B28859BF1BE794D900AA4FD8 /* main.m */,
			);
			name = "Supporting Files";
			sourceTree = "<group>";
		};
		B28859D91BE794D900AA4FD8 /* WSDiscoveryTests */ = {
			isa = PBXGroup;
			children = (
				B28859DC1BE794D900AA4FD8 /* WSDiscoveryTests.m */,
				B28859DA1BE794D900AA4FD8 /* Supporting Files */,
			);
			path = WSDiscoveryTests;
			sourceTree = "<group>";
		};
		B28859DA1BE794D900AA4FD8 /* Supporting Files */ = {
			isa = PBXGroup;
			children = (
				B28859DB1BE794D900AA4FD8 /* Info.plist */,
			);
			name = "Supporting Files";
			sourceTree = "<group>";
		};
		B28859E61BE795E700AA4FD8 /* WSDiscovery_Lib */ = {
			isa = PBXGroup;
			children = (
				B2885A021BE797F500AA4FD8 /* mySoapStub.c */,
				B2885A031BE797F500AA4FD8 /* mySoapStub.h */,
				B2885A041BE797F500AA4FD8 /* porting.c */,
				B2885A051BE797F500AA4FD8 /* porting.h */,
				B2885A061BE797F500AA4FD8 /* soapC.c */,
				B2885A071BE797F500AA4FD8 /* soapH.h */,
				B2885A081BE797F500AA4FD8 /* soapServer.c */,
				B2885A091BE797F500AA4FD8 /* soapStub.h */,
				B2885A0A1BE797F500AA4FD8 /* stdsoap2.c */,
				B2885A0B1BE797F500AA4FD8 /* stdsoap2.h */,
				B2885A0C1BE797F500AA4FD8 /* util.c */,
				B2885A0D1BE797F500AA4FD8 /* util.h */,
				B2885A0E1BE797F500AA4FD8 /* wsdd.nsmap */,
			);
			name = WSDiscovery_Lib;
			sourceTree = "<group>";
		};
		B28859FE1BE7979300AA4FD8 /* gSOAP */ = {
			isa = PBXGroup;
			children = (
				B2885A1B1BE7A0A300AA4FD8 /* gsoapios.h */,
				B2885A001BE797DC00AA4FD8 /* gsoapios.m */,
			);
			name = gSOAP;
			sourceTree = "<group>";
		};
		B2885A211BE7BF8300AA4FD8 /* network */ = {
			isa = PBXGroup;
			children = (
				B2885A221BE7BF9100AA4FD8 /* Reachability.h */,
				B2885A231BE7BF9100AA4FD8 /* Reachability.m */,
			);
			name = network;
			sourceTree = "<group>";
		};
/* End PBXGroup section */

/* Begin PBXNativeTarget section */
		B28859B91BE794D900AA4FD8 /* WSDiscovery */ = {
			isa = PBXNativeTarget;
			buildConfigurationList = B28859E01BE794D900AA4FD8 /* Build configuration list for PBXNativeTarget "WSDiscovery" */;
			buildPhases = (
				B28859B61BE794D900AA4FD8 /* Sources */,
				B28859B71BE794D900AA4FD8 /* Frameworks */,
				B28859B81BE794D900AA4FD8 /* Resources */,
			);
			buildRules = (
			);
			dependencies = (
			);
			name = WSDiscovery;
			productName = WSDiscovery;
			productReference = B28859BA1BE794D900AA4FD8 /* WSDiscovery.app */;
			productType = "com.apple.product-type.application";
		};
		B28859D51BE794D900AA4FD8 /* WSDiscoveryTests */ = {
			isa = PBXNativeTarget;
			buildConfigurationList = B28859E31BE794D900AA4FD8 /* Build configuration list for PBXNativeTarget "WSDiscoveryTests" */;
			buildPhases = (
				B28859D21BE794D900AA4FD8 /* Sources */,
				B28859D31BE794D900AA4FD8 /* Frameworks */,
				B28859D41BE794D900AA4FD8 /* Resources */,
			);
			buildRules = (
			);
			dependencies = (
				B28859D81BE794D900AA4FD8 /* PBXTargetDependency */,
			);
			name = WSDiscoveryTests;
			productName = WSDiscoveryTests;
			productReference = B28859D61BE794D900AA4FD8 /* WSDiscoveryTests.xctest */;
			productType = "com.apple.product-type.bundle.unit-test";
		};
/* End PBXNativeTarget section */

/* Begin PBXProject section */
		B28859B21BE794D900AA4FD8 /* Project object */ = {
			isa = PBXProject;
			attributes = {
				LastUpgradeCheck = 0640;
				ORGANIZATIONNAME = albert;
				TargetAttributes = {
					B28859B91BE794D900AA4FD8 = {
						CreatedOnToolsVersion = 6.4;
					};
					B28859D51BE794D900AA4FD8 = {
						CreatedOnToolsVersion = 6.4;
						TestTargetID = B28859B91BE794D900AA4FD8;
					};
				};
			};
			buildConfigurationList = B28859B51BE794D900AA4FD8 /* Build configuration list for PBXProject "WSDiscovery" */;
			compatibilityVersion = "Xcode 3.2";
			developmentRegion = English;
			hasScannedForEncodings = 0;
			knownRegions = (
				en,
				Base,
			);
			mainGroup = B28859B11BE794D900AA4FD8;
			productRefGroup = B28859BB1BE794D900AA4FD8 /* Products */;
			projectDirPath = "";
			projectRoot = "";
			targets = (
				B28859B91BE794D900AA4FD8 /* WSDiscovery */,
				B28859D51BE794D900AA4FD8 /* WSDiscoveryTests */,
			);
		};
/* End PBXProject section */

/* Begin PBXResourcesBuildPhase section */
		B28859B81BE794D900AA4FD8 /* Resources */ = {
			isa = PBXResourcesBuildPhase;
			buildActionMask = 2147483647;
			files = (
				B28859CC1BE794D900AA4FD8 /* Main.storyboard in Resources */,
				B2885A151BE797F500AA4FD8 /* wsdd.nsmap in Resources */,
				B28859D11BE794D900AA4FD8 /* LaunchScreen.xib in Resources */,
				B28859CE1BE794D900AA4FD8 /* Images.xcassets in Resources */,
			);
			runOnlyForDeploymentPostprocessing = 0;
		};
		B28859D41BE794D900AA4FD8 /* Resources */ = {
			isa = PBXResourcesBuildPhase;
			buildActionMask = 2147483647;
			files = (
			);
			runOnlyForDeploymentPostprocessing = 0;
		};
/* End PBXResourcesBuildPhase section */

/* Begin PBXSourcesBuildPhase section */
		B28859B61BE794D900AA4FD8 /* Sources */ = {
			isa = PBXSourcesBuildPhase;
			buildActionMask = 2147483647;
			files = (
				B28859C31BE794D900AA4FD8 /* AppDelegate.m in Sources */,
				B28859C61BE794D900AA4FD8 /* MasterViewController.m in Sources */,
				B28859C01BE794D900AA4FD8 /* main.m in Sources */,
				B2885A1E1BE7A6F400AA4FD8 /* MyUtilities.m in Sources */,
				B2885A121BE797F500AA4FD8 /* soapServer.c in Sources */,
				B2885A111BE797F500AA4FD8 /* soapC.c in Sources */,
				B2885A141BE797F500AA4FD8 /* util.c in Sources */,
				B2885A0F1BE797F500AA4FD8 /* mySoapStub.c in Sources */,
				B2885A131BE797F500AA4FD8 /* stdsoap2.c in Sources */,
				B2885A011BE797DC00AA4FD8 /* gsoapios.m in Sources */,
				B2885A241BE7BF9100AA4FD8 /* Reachability.m in Sources */,
				B2885A101BE797F500AA4FD8 /* porting.c in Sources */,
				B28859C91BE794D900AA4FD8 /* DetailViewController.m in Sources */,
				B28859FD1BE7976A00AA4FD8 /* wsdiscovery_api.m in Sources */,
			);
			runOnlyForDeploymentPostprocessing = 0;
		};
		B28859D21BE794D900AA4FD8 /* Sources */ = {
			isa = PBXSourcesBuildPhase;
			buildActionMask = 2147483647;
			files = (
				B28859DD1BE794D900AA4FD8 /* WSDiscoveryTests.m in Sources */,
			);
			runOnlyForDeploymentPostprocessing = 0;
		};
/* End PBXSourcesBuildPhase section */

/* Begin PBXTargetDependency section */
		B28859D81BE794D900AA4FD8 /* PBXTargetDependency */ = {
			isa = PBXTargetDependency;
			target = B28859B91BE794D900AA4FD8 /* WSDiscovery */;
			targetProxy = B28859D71BE794D900AA4FD8 /* PBXContainerItemProxy */;
		};
/* End PBXTargetDependency section */

/* Begin PBXVariantGroup section */
		B28859CA1BE794D900AA4FD8 /* Main.storyboard */ = {
			isa = PBXVariantGroup;
			children = (
				B28859CB1BE794D900AA4FD8 /* Base */,
			);
			name = Main.storyboard;
			sourceTree = "<group>";
		};
		B28859CF1BE794D900AA4FD8 /* LaunchScreen.xib */ = {
			isa = PBXVariantGroup;
			children = (
				B28859D01BE794D900AA4FD8 /* Base */,
			);
			name = LaunchScreen.xib;
			sourceTree = "<group>";
		};
/* End PBXVariantGroup section */

/* Begin XCBuildConfiguration section */
		B28859DE1BE794D900AA4FD8 /* Debug */ = {
			isa = XCBuildConfiguration;
			buildSettings = {
				ALWAYS_SEARCH_USER_PATHS = NO;
				CLANG_CXX_LANGUAGE_STANDARD = "gnu++0x";
				CLANG_CXX_LIBRARY = "libc++";
				CLANG_ENABLE_MODULES = YES;
				CLANG_ENABLE_OBJC_ARC = YES;
				CLANG_WARN_BOOL_CONVERSION = YES;
				CLANG_WARN_CONSTANT_CONVERSION = YES;
				CLANG_WARN_DIRECT_OBJC_ISA_USAGE = YES_ERROR;
				CLANG_WARN_EMPTY_BODY = YES;
				CLANG_WARN_ENUM_CONVERSION = YES;
				CLANG_WARN_INT_CONVERSION = YES;
				CLANG_WARN_OBJC_ROOT_CLASS = YES_ERROR;
				CLANG_WARN_UNREACHABLE_CODE = YES;
				CLANG_WARN__DUPLICATE_METHOD_MATCH = YES;
				"CODE_SIGN_IDENTITY[sdk=iphoneos*]" = "iPhone Developer";
				COPY_PHASE_STRIP = NO;
				DEBUG_INFORMATION_FORMAT = "dwarf-with-dsym";
				ENABLE_STRICT_OBJC_MSGSEND = YES;
				GCC_C_LANGUAGE_STANDARD = gnu99;
				GCC_DYNAMIC_NO_PIC = NO;
				GCC_NO_COMMON_BLOCKS = YES;
				GCC_OPTIMIZATION_LEVEL = 0;
				GCC_PREPROCESSOR_DEFINITIONS = (
					"DEBUG=1",
					"$(inherited)",
				);
				GCC_SYMBOLS_PRIVATE_EXTERN = NO;
				GCC_WARN_64_TO_32_BIT_CONVERSION = YES;
				GCC_WARN_ABOUT_RETURN_TYPE = YES_ERROR;
				GCC_WARN_UNDECLARED_SELECTOR = YES;
				GCC_WARN_UNINITIALIZED_AUTOS = YES_AGGRESSIVE;
				GCC_WARN_UNUSED_FUNCTION = YES;
				GCC_WARN_UNUSED_VARIABLE = YES;
				IPHONEOS_DEPLOYMENT_TARGET = 8.4;
				MTL_ENABLE_DEBUG_INFO = YES;
				ONLY_ACTIVE_ARCH = YES;
				SDKROOT = iphoneos;
				TARGETED_DEVICE_FAMILY = "1,2";
			};
			name = Debug;
		};
		B28859DF1BE794D900AA4FD8 /* Release */ = {
			isa = XCBuildConfiguration;
			buildSettings = {
				ALWAYS_SEARCH_USER_PATHS = NO;
				CLANG_CXX_LANGUAGE_STANDARD = "gnu++0x";
				CLANG_CXX_LIBRARY = "libc++";
				CLANG_ENABLE_MODULES = YES;
				CLANG_ENABLE_OBJC_ARC = YES;
				CLANG_WARN_BOOL_CONVERSION = YES;
				CLANG_WARN_CONSTANT_CONVERSION = YES;
				CLANG_WARN_DIRECT_OBJC_ISA_USAGE = YES_ERROR;
				CLANG_WARN_EMPTY_BODY = YES;
				CLANG_WARN_ENUM_CONVERSION = YES;
				CLANG_WARN_INT_CONVERSION = YES;
				CLANG_WARN_OBJC_ROOT_CLASS = YES_ERROR;
				CLANG_WARN_UNREACHABLE_CODE = YES;
				CLANG_WARN__DUPLICATE_METHOD_MATCH = YES;
				"CODE_SIGN_IDENTITY[sdk=iphoneos*]" = "iPhone Developer";
				COPY_PHASE_STRIP = NO;
				DEBUG_INFORMATION_FORMAT = "dwarf-with-dsym";
				ENABLE_NS_ASSERTIONS = NO;
				ENABLE_STRICT_OBJC_MSGSEND = YES;
				GCC_C_LANGUAGE_STANDARD = gnu99;
				GCC_NO_COMMON_BLOCKS = YES;
				GCC_WARN_64_TO_32_BIT_CONVERSION = YES;
				GCC_WARN_ABOUT_RETURN_TYPE = YES_ERROR;
				GCC_WARN_UNDECLARED_SELECTOR = YES;
				GCC_WARN_UNINITIALIZED_AUTOS = YES_AGGRESSIVE;
				GCC_WARN_UNUSED_FUNCTION = YES;
				GCC_WARN_UNUSED_VARIABLE = YES;
				IPHONEOS_DEPLOYMENT_TARGET = 8.4;
				MTL_ENABLE_DEBUG_INFO = NO;
				SDKROOT = iphoneos;
				TARGETED_DEVICE_FAMILY = "1,2";
				VALIDATE_PRODUCT = YES;
			};
			name = Release;
		};
		B28859E11BE794D900AA4FD8 /* Debug */ = {
			isa = XCBuildConfiguration;
			buildSettings = {
				ASSETCATALOG_COMPILER_APPICON_NAME = AppIcon;
				INFOPLIST_FILE = WSDiscovery/Info.plist;
				LD_RUNPATH_SEARCH_PATHS = "$(inherited) @executable_path/Frameworks";
				PRODUCT_NAME = "$(TARGET_NAME)";
			};
			name = Debug;
		};
		B28859E21BE794D900AA4FD8 /* Release */ = {
			isa = XCBuildConfiguration;
			buildSettings = {
				ASSETCATALOG_COMPILER_APPICON_NAME = AppIcon;
				INFOPLIST_FILE = WSDiscovery/Info.plist;
				LD_RUNPATH_SEARCH_PATHS = "$(inherited) @executable_path/Frameworks";
				PRODUCT_NAME = "$(TARGET_NAME)";
			};
			name = Release;
		};
		B28859E41BE794D900AA4FD8 /* Debug */ = {
			isa = XCBuildConfiguration;
			buildSettings = {
				BUNDLE_LOADER = "$(TEST_HOST)";
				FRAMEWORK_SEARCH_PATHS = (
					"$(SDKROOT)/Developer/Library/Frameworks",
					"$(inherited)",
				);
				GCC_PREPROCESSOR_DEFINITIONS = (
					"DEBUG=1",
					"$(inherited)",
				);
				INFOPLIST_FILE = WSDiscoveryTests/Info.plist;
				LD_RUNPATH_SEARCH_PATHS = "$(inherited) @executable_path/Frameworks @loader_path/Frameworks";
				PRODUCT_NAME = "$(TARGET_NAME)";
				TEST_HOST = "$(BUILT_PRODUCTS_DIR)/WSDiscovery.app/WSDiscovery";
			};
			name = Debug;
		};
		B28859E51BE794D900AA4FD8 /* Release */ = {
			isa = XCBuildConfiguration;
			buildSettings = {
				BUNDLE_LOADER = "$(TEST_HOST)";
				FRAMEWORK_SEARCH_PATHS = (
					"$(SDKROOT)/Developer/Library/Frameworks",
					"$(inherited)",
				);
				INFOPLIST_FILE = WSDiscoveryTests/Info.plist;
				LD_RUNPATH_SEARCH_PATHS = "$(inherited) @executable_path/Frameworks @loader_path/Frameworks";
				PRODUCT_NAME = "$(TARGET_NAME)";
				TEST_HOST = "$(BUILT_PRODUCTS_DIR)/WSDiscovery.app/WSDiscovery";
			};
			name = Release;
		};
/* End XCBuildConfiguration section */

/* Begin XCConfigurationList section */
		B28859B51BE794D900AA4FD8 /* Build configuration list for PBXProject "WSDiscovery" */ = {
			isa = XCConfigurationList;
			buildConfigurations = (
				B28859DE1BE794D900AA4FD8 /* Debug */,
				B28859DF1BE794D900AA4FD8 /* Release */,
			);
			defaultConfigurationIsVisible = 0;
			defaultConfigurationName = Release;
		};
		B28859E01BE794D900AA4FD8 /* Build configuration list for PBXNativeTarget "WSDiscovery" */ = {
			isa = XCConfigurationList;
			buildConfigurations = (
				B28859E11BE794D900AA4FD8 /* Debug */,
				B28859E21BE794D900AA4FD8 /* Release */,
			);
			defaultConfigurationIsVisible = 0;
			defaultConfigurationName = Release;
		};
		B28859E31BE794D900AA4FD8 /* Build configuration list for PBXNativeTarget "WSDiscoveryTests" */ = {
			isa = XCConfigurationList;
			buildConfigurations = (
				B28859E41BE794D900AA4FD8 /* Debug */,
				B28859E51BE794D900AA4FD8 /* Release */,
			);
			defaultConfigurationIsVisible = 0;
			defaultConfigurationName = Release;
		};
/* End XCConfigurationList section */
	};
	rootObject = B28859B21BE794D900AA4FD8 /* Project object */;
}
